
Microsoft Visual Studio Solution File, Format Version 12.00
# Visual Studio Version 17
VisualStudioVersion = 17.3.32901.215
MinimumVisualStudioVersion = 10.0.40219.1
Project("{FAE04EC0-301F-11D3-BF4B-00C04F79EFBC}") = "Children", "Children.csproj", "{8B10696B-F6E1-47C0-8D5D-4E5840546440}"
EndProject
Global
	GlobalSection(SolutionConfigurationPlatforms) = preSolution
		Debug|Any CPU = Debug|Any CPU
		Release|Any CPU = Release|Any CPU
	EndGlobalSection
	GlobalSection(ProjectConfigurationPlatforms) = postSolution
		{8B10696B-F6E1-47C0-8D5D-4E5840546440}.Debug|Any CPU.ActiveCfg = Debug|Any CPU
		{8B10696B-F6E1-47C0-8D5D-4E5840546440}.Debug|Any CPU.Build.0 = Debug|Any CPU
		{8B10696B-F6E1-47C0-8D5D-4E5840546440}.Release|Any CPU.ActiveCfg = Release|Any CPU
		{8B10696B-F6E1-47C0-8D5D-4E5840546440}.Release|Any CPU.Build.0 = Release|Any CPU
	EndGlobalSection
	GlobalSection(SolutionProperties) = preSolution
		HideSolutionNode = FALSE
	EndGlobalSection
	GlobalSection(ExtensibilityGlobals) = postSolution
		SolutionGuid = {437982A8-4A63-4C59-A6FA-F4B5DCBE846D}
	EndGlobalSection
EndGlobal
